
Microsoft Visual Studio Solution File, Format Version 11.00
# Visual Studio 2010
Project("{FAE04EC0-301F-11D3-BF4B-00C04F79EFBC}") = "PrimePOS", "PrimePOS\PrimePOS.csproj", "{4ACCA88A-3FE5-4ACD-8D24-603B2B7E8F07}"
EndProject
Global
	GlobalSection(SolutionConfigurationPlatforms) = preSolution
		Debug|Any CPU = Debug|Any CPU
		Release|Any CPU = Release|Any CPU
	EndGlobalSection
	GlobalSection(ProjectConfigurationPlatforms) = postSolution
		{4ACCA88A-3FE5-4ACD-8D24-603B2B7E8F07}.Debug|Any CPU.ActiveCfg = Debug|Any CPU
		{4ACCA88A-3FE5-4ACD-8D24-603B2B7E8F07}.Debug|Any CPU.Build.0 = Debug|Any CPU
		{4ACCA88A-3FE5-4ACD-8D24-603B2B7E8F07}.Release|Any CPU.ActiveCfg = Release|Any CPU
		{4ACCA88A-3FE5-4ACD-8D24-603B2B7E8F07}.Release|Any CPU.Build.0 = Release|Any CPU
	EndGlobalSection
	GlobalSection(SolutionProperties) = preSolution
		HideSolutionNode = FALSE
	EndGlobalSection
EndGlobal
